
Microsoft Visual Studio Solution File, Format Version 12.00
# Visual Studio Version 16
VisualStudioVersion = 16.0.30717.126
MinimumVisualStudioVersion = 10.0.40219.1
Project("{9A19103F-16F7-4668-BE54-9A1E7A4F7556}") = "DataLibrary", "DataLibrary\DataLibrary.csproj", "{82614BCA-E338-402F-B877-F5DA16358538}"
EndProject
Project("{9A19103F-16F7-4668-BE54-9A1E7A4F7556}") = "CoreLibrary", "CoreLibrary\CoreLibrary.csproj", "{A2943CF0-0328-4C92-BEDE-12AFE5F6EEF8}"
EndProject
Project("{9A19103F-16F7-4668-BE54-9A1E7A4F7556}") = "ApiService", "ApiService\ApiService.csproj", "{4631E757-0B56-48F9-BAB6-9A4DE8E258A7}"
EndProject
Project("{9A19103F-16F7-4668-BE54-9A1E7A4F7556}") = "ServiceLibrary", "ServiceLibrary\ServiceLibrary.csproj", "{A4F7F255-4954-4B4D-A755-561B6670AF83}"
EndProject
Project("{FAE04EC0-301F-11D3-BF4B-00C04F79EFBC}") = "ConsoleApp", "ConsoleApp\ConsoleApp.csproj", "{C3FD1FF5-A78D-4D1C-A595-0B8D34E6AA1C}"
EndProject
Global
	GlobalSection(SolutionConfigurationPlatforms) = preSolution
		Debug|Any CPU = Debug|Any CPU
		Release|Any CPU = Release|Any CPU
	EndGlobalSection
	GlobalSection(ProjectConfigurationPlatforms) = postSolution
		{82614BCA-E338-402F-B877-F5DA16358538}.Debug|Any CPU.ActiveCfg = Debug|Any CPU
		{82614BCA-E338-402F-B877-F5DA16358538}.Debug|Any CPU.Build.0 = Debug|Any CPU
		{82614BCA-E338-402F-B877-F5DA16358538}.Release|Any CPU.ActiveCfg = Release|Any CPU
		{82614BCA-E338-402F-B877-F5DA16358538}.Release|Any CPU.Build.0 = Release|Any CPU
		{A2943CF0-0328-4C92-BEDE-12AFE5F6EEF8}.Debug|Any CPU.ActiveCfg = Debug|Any CPU
		{A2943CF0-0328-4C92-BEDE-12AFE5F6EEF8}.Debug|Any CPU.Build.0 = Debug|Any CPU
		{A2943CF0-0328-4C92-BEDE-12AFE5F6EEF8}.Release|Any CPU.ActiveCfg = Release|Any CPU
		{A2943CF0-0328-4C92-BEDE-12AFE5F6EEF8}.Release|Any CPU.Build.0 = Release|Any CPU
		{4631E757-0B56-48F9-BAB6-9A4DE8E258A7}.Debug|Any CPU.ActiveCfg = Debug|Any CPU
		{4631E757-0B56-48F9-BAB6-9A4DE8E258A7}.Debug|Any CPU.Build.0 = Debug|Any CPU
		{4631E757-0B56-48F9-BAB6-9A4DE8E258A7}.Release|Any CPU.ActiveCfg = Release|Any CPU
		{4631E757-0B56-48F9-BAB6-9A4DE8E258A7}.Release|Any CPU.Build.0 = Release|Any CPU
		{A4F7F255-4954-4B4D-A755-561B6670AF83}.Debug|Any CPU.ActiveCfg = Debug|Any CPU
		{A4F7F255-4954-4B4D-A755-561B6670AF83}.Debug|Any CPU.Build.0 = Debug|Any CPU
		{A4F7F255-4954-4B4D-A755-561B6670AF83}.Release|Any CPU.ActiveCfg = Release|Any CPU
		{A4F7F255-4954-4B4D-A755-561B6670AF83}.Release|Any CPU.Build.0 = Release|Any CPU
		{C3FD1FF5-A78D-4D1C-A595-0B8D34E6AA1C}.Debug|Any CPU.ActiveCfg = Debug|Any CPU
		{C3FD1FF5-A78D-4D1C-A595-0B8D34E6AA1C}.Debug|Any CPU.Build.0 = Debug|Any CPU
		{C3FD1FF5-A78D-4D1C-A595-0B8D34E6AA1C}.Release|Any CPU.ActiveCfg = Release|Any CPU
		{C3FD1FF5-A78D-4D1C-A595-0B8D34E6AA1C}.Release|Any CPU.Build.0 = Release|Any CPU
	EndGlobalSection
	GlobalSection(SolutionProperties) = preSolution
		HideSolutionNode = FALSE
	EndGlobalSection
	GlobalSection(ExtensibilityGlobals) = postSolution
		SolutionGuid = {F3055CE2-E2B8-4F2D-94E2-4746D7E743B6}
	EndGlobalSection
EndGlobal
