
Microsoft Visual Studio Solution File, Format Version 12.00
# Visual Studio Version 16
VisualStudioVersion = 16.0.30717.126
MinimumVisualStudioVersion = 10.0.40219.1
Project("{9A19103F-16F7-4668-BE54-9A1E7A4F7556}") = "Unit.Tests", "Unit.Tests\Unit.Tests.csproj", "{0DBEFB45-92B0-4260-9081-61C79B5E8E89}"
EndProject
Project("{9A19103F-16F7-4668-BE54-9A1E7A4F7556}") = "DataLibrary", "DataLibrary\DataLibrary.csproj", "{82614BCA-E338-402F-B877-F5DA16358538}"
EndProject
Project("{9A19103F-16F7-4668-BE54-9A1E7A4F7556}") = "CoreLibrary", "CoreLibrary\CoreLibrary.csproj", "{A2943CF0-0328-4C92-BEDE-12AFE5F6EEF8}"
EndProject
Global
	GlobalSection(SolutionConfigurationPlatforms) = preSolution
		Debug|Any CPU = Debug|Any CPU
		Release|Any CPU = Release|Any CPU
	EndGlobalSection
	GlobalSection(ProjectConfigurationPlatforms) = postSolution
		{0DBEFB45-92B0-4260-9081-61C79B5E8E89}.Debug|Any CPU.ActiveCfg = Debug|Any CPU
		{0DBEFB45-92B0-4260-9081-61C79B5E8E89}.Debug|Any CPU.Build.0 = Debug|Any CPU
		{0DBEFB45-92B0-4260-9081-61C79B5E8E89}.Release|Any CPU.ActiveCfg = Release|Any CPU
		{0DBEFB45-92B0-4260-9081-61C79B5E8E89}.Release|Any CPU.Build.0 = Release|Any CPU
		{82614BCA-E338-402F-B877-F5DA16358538}.Debug|Any CPU.ActiveCfg = Debug|Any CPU
		{82614BCA-E338-402F-B877-F5DA16358538}.Debug|Any CPU.Build.0 = Debug|Any CPU
		{82614BCA-E338-402F-B877-F5DA16358538}.Release|Any CPU.ActiveCfg = Release|Any CPU
		{82614BCA-E338-402F-B877-F5DA16358538}.Release|Any CPU.Build.0 = Release|Any CPU
		{A2943CF0-0328-4C92-BEDE-12AFE5F6EEF8}.Debug|Any CPU.ActiveCfg = Debug|Any CPU
		{A2943CF0-0328-4C92-BEDE-12AFE5F6EEF8}.Debug|Any CPU.Build.0 = Debug|Any CPU
		{A2943CF0-0328-4C92-BEDE-12AFE5F6EEF8}.Release|Any CPU.ActiveCfg = Release|Any CPU
		{A2943CF0-0328-4C92-BEDE-12AFE5F6EEF8}.Release|Any CPU.Build.0 = Release|Any CPU
	EndGlobalSection
	GlobalSection(SolutionProperties) = preSolution
		HideSolutionNode = FALSE
	EndGlobalSection
	GlobalSection(ExtensibilityGlobals) = postSolution
		SolutionGuid = {F3055CE2-E2B8-4F2D-94E2-4746D7E743B6}
	EndGlobalSection
EndGlobal
